
Microsoft Visual Studio Solution File, Format Version 12.00
# Visual Studio Version 16
VisualStudioVersion = 16.0.810.25
MinimumVisualStudioVersion = 10.0.40219.1
Project("{FAE04EC0-301F-11D3-BF4B-00C04F79EFBC}") = "C1.1", "C1.ArraysAndStrings\C1.1\C1.1.csproj", "{129B88F0-FC69-4A90-A8D7-C6718BFBE179}"
EndProject
Project("{FAE04EC0-301F-11D3-BF4B-00C04F79EFBC}") = "C1.2", "C1.ArraysAndStrings\C1.2\C1.2.csproj", "{F46AD988-DA0A-475C-B22F-C655496FBA36}"
EndProject
Project("{FAE04EC0-301F-11D3-BF4B-00C04F79EFBC}") = "C1.3", "C1.ArraysAndStrings\C1.3\C1.3.csproj", "{8D1127F9-EF41-4A09-81E4-C0F19D0E3F29}"
EndProject
Project("{FAE04EC0-301F-11D3-BF4B-00C04F79EFBC}") = "C1.4", "C1.ArraysAndStrings\C1.4\C1.4.csproj", "{AF886713-8263-477A-8B4E-F6CC73C85507}"
EndProject
Project("{FAE04EC0-301F-11D3-BF4B-00C04F79EFBC}") = "C1.5", "C1.ArraysAndStrings\C1.5\C1.5.csproj", "{1CACD2C4-7DD4-4E36-A971-2A800F9CDEA9}"
EndProject
Project("{FAE04EC0-301F-11D3-BF4B-00C04F79EFBC}") = "C1.6", "C1.ArraysAndStrings\C1.6\C1.6.csproj", "{20D15C91-BF40-4A34-B83F-D640F13FFE7C}"
EndProject
Project("{FAE04EC0-301F-11D3-BF4B-00C04F79EFBC}") = "C1.7 - to finish", "C1.ArraysAndStrings\C1.7\C1.7 - to finish.csproj", "{340B3E73-7EE2-4489-918D-399787B822F6}"
EndProject
Project("{FAE04EC0-301F-11D3-BF4B-00C04F79EFBC}") = "C1.8", "C1.ArraysAndStrings\C1.8\C1.8.csproj", "{6708FD73-5758-44D7-9AF4-E0C7F52F1C9F}"
EndProject
Project("{FAE04EC0-301F-11D3-BF4B-00C04F79EFBC}") = "C1.9", "C1.ArraysAndStrings\C1.9\C1.9.csproj", "{444958DC-B9B5-4578-BAF7-D08870FF1997}"
EndProject
Global
	GlobalSection(SolutionConfigurationPlatforms) = preSolution
		Debug|Any CPU = Debug|Any CPU
		Release|Any CPU = Release|Any CPU
	EndGlobalSection
	GlobalSection(ProjectConfigurationPlatforms) = postSolution
		{129B88F0-FC69-4A90-A8D7-C6718BFBE179}.Debug|Any CPU.ActiveCfg = Debug|Any CPU
		{129B88F0-FC69-4A90-A8D7-C6718BFBE179}.Debug|Any CPU.Build.0 = Debug|Any CPU
		{129B88F0-FC69-4A90-A8D7-C6718BFBE179}.Release|Any CPU.ActiveCfg = Release|Any CPU
		{129B88F0-FC69-4A90-A8D7-C6718BFBE179}.Release|Any CPU.Build.0 = Release|Any CPU
		{F46AD988-DA0A-475C-B22F-C655496FBA36}.Debug|Any CPU.ActiveCfg = Debug|Any CPU
		{F46AD988-DA0A-475C-B22F-C655496FBA36}.Debug|Any CPU.Build.0 = Debug|Any CPU
		{F46AD988-DA0A-475C-B22F-C655496FBA36}.Release|Any CPU.ActiveCfg = Release|Any CPU
		{F46AD988-DA0A-475C-B22F-C655496FBA36}.Release|Any CPU.Build.0 = Release|Any CPU
		{8D1127F9-EF41-4A09-81E4-C0F19D0E3F29}.Debug|Any CPU.ActiveCfg = Debug|Any CPU
		{8D1127F9-EF41-4A09-81E4-C0F19D0E3F29}.Debug|Any CPU.Build.0 = Debug|Any CPU
		{8D1127F9-EF41-4A09-81E4-C0F19D0E3F29}.Release|Any CPU.ActiveCfg = Release|Any CPU
		{8D1127F9-EF41-4A09-81E4-C0F19D0E3F29}.Release|Any CPU.Build.0 = Release|Any CPU
		{AF886713-8263-477A-8B4E-F6CC73C85507}.Debug|Any CPU.ActiveCfg = Debug|Any CPU
		{AF886713-8263-477A-8B4E-F6CC73C85507}.Debug|Any CPU.Build.0 = Debug|Any CPU
		{AF886713-8263-477A-8B4E-F6CC73C85507}.Release|Any CPU.ActiveCfg = Release|Any CPU
		{AF886713-8263-477A-8B4E-F6CC73C85507}.Release|Any CPU.Build.0 = Release|Any CPU
		{1CACD2C4-7DD4-4E36-A971-2A800F9CDEA9}.Debug|Any CPU.ActiveCfg = Debug|Any CPU
		{1CACD2C4-7DD4-4E36-A971-2A800F9CDEA9}.Debug|Any CPU.Build.0 = Debug|Any CPU
		{1CACD2C4-7DD4-4E36-A971-2A800F9CDEA9}.Release|Any CPU.ActiveCfg = Release|Any CPU
		{1CACD2C4-7DD4-4E36-A971-2A800F9CDEA9}.Release|Any CPU.Build.0 = Release|Any CPU
		{20D15C91-BF40-4A34-B83F-D640F13FFE7C}.Debug|Any CPU.ActiveCfg = Debug|Any CPU
		{20D15C91-BF40-4A34-B83F-D640F13FFE7C}.Debug|Any CPU.Build.0 = Debug|Any CPU
		{20D15C91-BF40-4A34-B83F-D640F13FFE7C}.Release|Any CPU.ActiveCfg = Release|Any CPU
		{20D15C91-BF40-4A34-B83F-D640F13FFE7C}.Release|Any CPU.Build.0 = Release|Any CPU
		{340B3E73-7EE2-4489-918D-399787B822F6}.Debug|Any CPU.ActiveCfg = Debug|Any CPU
		{340B3E73-7EE2-4489-918D-399787B822F6}.Debug|Any CPU.Build.0 = Debug|Any CPU
		{340B3E73-7EE2-4489-918D-399787B822F6}.Release|Any CPU.ActiveCfg = Release|Any CPU
		{340B3E73-7EE2-4489-918D-399787B822F6}.Release|Any CPU.Build.0 = Release|Any CPU
		{6708FD73-5758-44D7-9AF4-E0C7F52F1C9F}.Debug|Any CPU.ActiveCfg = Debug|Any CPU
		{6708FD73-5758-44D7-9AF4-E0C7F52F1C9F}.Debug|Any CPU.Build.0 = Debug|Any CPU
		{6708FD73-5758-44D7-9AF4-E0C7F52F1C9F}.Release|Any CPU.ActiveCfg = Release|Any CPU
		{6708FD73-5758-44D7-9AF4-E0C7F52F1C9F}.Release|Any CPU.Build.0 = Release|Any CPU
		{444958DC-B9B5-4578-BAF7-D08870FF1997}.Debug|Any CPU.ActiveCfg = Debug|Any CPU
		{444958DC-B9B5-4578-BAF7-D08870FF1997}.Debug|Any CPU.Build.0 = Debug|Any CPU
		{444958DC-B9B5-4578-BAF7-D08870FF1997}.Release|Any CPU.ActiveCfg = Release|Any CPU
		{444958DC-B9B5-4578-BAF7-D08870FF1997}.Release|Any CPU.Build.0 = Release|Any CPU
	EndGlobalSection
	GlobalSection(SolutionProperties) = preSolution
		HideSolutionNode = FALSE
	EndGlobalSection
	GlobalSection(ExtensibilityGlobals) = postSolution
		SolutionGuid = {6A93E718-7D73-48CF-9687-7D69F1BA8699}
	EndGlobalSection
	GlobalSection(MonoDevelopProperties) = preSolution
		Policies = $0
		$0.DotNetNamingPolicy = $1
		$1.DirectoryNamespaceAssociation = PrefixedHierarchical
		$0.TextStylePolicy = $2
		$2.FileWidth = 80
		$2.TabsToSpaces = True
		$2.scope = text/x-csharp
		$0.CSharpFormattingPolicy = $3
		$3.scope = text/x-csharp
		$0.TextStylePolicy = $4
		$4.FileWidth = 80
		$4.TabsToSpaces = True
		$4.scope = text/plain
		$0.StandardHeader = $5
	EndGlobalSection
EndGlobal
